{
  "version": 4,
  "terraform_version": "1.3.7",
  "serial": 60,
  "lineage": "68bca255-d929-eb38-d2b9-d7fe3e3940ad",
  "outputs": {},
  "resources": [
    {
      "mode": "managed",
      "type": "aws_instance",
      "name": "terra_ec2",
      "provider": "provider[\"registry.terraform.io/hashicorp/aws\"]",
      "instances": [
        {
          "index_key": 0,
          "schema_version": 1,
          "attributes": {
            "ami": "ami-00874d747dde814fa",
            "arn": "arn:aws:ec2:us-east-1:374104755586:instance/i-0933c5fcf22b49103",
            "associate_public_ip_address": false,
            "availability_zone": "us-east-1f",
            "capacity_reservation_specification": [
              {
                "capacity_reservation_preference": "open",
                "capacity_reservation_target": []
              }
            ],
            "cpu_core_count": 1,
            "cpu_threads_per_core": 1,
            "credit_specification": [
              {
                "cpu_credits": "standard"
              }
            ],
            "disable_api_stop": false,
            "disable_api_termination": false,
            "ebs_block_device": [],
            "ebs_optimized": false,
            "enclave_options": [
              {
                "enabled": false
              }
            ],
            "ephemeral_block_device": [],
            "get_password_data": false,
            "hibernation": false,
            "host_id": "",
            "host_resource_group_arn": null,
            "iam_instance_profile": "",
            "id": "i-0933c5fcf22b49103",
            "instance_initiated_shutdown_behavior": "stop",
            "instance_state": "running",
            "instance_type": "t2.micro",
            "ipv6_address_count": 0,
            "ipv6_addresses": [],
            "key_name": "terrakey",
            "launch_template": [],
            "maintenance_options": [
              {
                "auto_recovery": "default"
              }
            ],
            "metadata_options": [
              {
                "http_endpoint": "enabled",
                "http_put_response_hop_limit": 1,
                "http_tokens": "optional",
                "instance_metadata_tags": "disabled"
              }
            ],
            "monitoring": false,
            "network_interface": [],
            "outpost_arn": "",
            "password_data": "",
            "placement_group": "",
            "placement_partition_number": 0,
            "primary_network_interface_id": "eni-0362fb572e0e5bda4",
            "private_dns": "ip-172-31-98-3.ec2.internal",
            "private_dns_name_options": [
              {
                "enable_resource_name_dns_a_record": false,
                "enable_resource_name_dns_aaaa_record": false,
                "hostname_type": "ip-name"
              }
            ],
            "private_ip": "172.31.98.3",
            "public_dns": "",
            "public_ip": "",
            "root_block_device": [
              {
                "delete_on_termination": true,
                "device_name": "/dev/sda1",
                "encrypted": false,
                "iops": 100,
                "kms_key_id": "",
                "tags": {},
                "throughput": 0,
                "volume_id": "vol-0d6559512b594a992",
                "volume_size": 8,
                "volume_type": "gp2"
              }
            ],
            "secondary_private_ips": [],
            "security_groups": [
              "sg-07f57565463f08162"
            ],
            "source_dest_check": true,
            "subnet_id": "subnet-0c4bef12e5b869338",
            "tags": {
              "Name": "altschool_project-0",
              "Os": "ubuntu"
            },
            "tags_all": {
              "Name": "altschool_project-0",
              "Os": "ubuntu"
            },
            "tenancy": "default",
            "timeouts": null,
            "user_data": null,
            "user_data_base64": null,
            "user_data_replace_on_change": false,
            "volume_tags": null,
            "vpc_security_group_ids": [
              "sg-07f57565463f08162"
            ]
          },
          "sensitive_attributes": [],
          "private": "eyJlMmJmYjczMC1lY2FhLTExZTYtOGY4OC0zNDM2M2JjN2M0YzAiOnsiY3JlYXRlIjo2MDAwMDAwMDAwMDAsImRlbGV0ZSI6MTIwMDAwMDAwMDAwMCwidXBkYXRlIjo2MDAwMDAwMDAwMDB9LCJzY2hlbWFfdmVyc2lvbiI6IjEifQ==",
          "dependencies": [
            "aws_key_pair.terra_generated_key",
            "aws_security_group.terra_sec",
            "aws_subnet.subnet",
            "tls_private_key.terra_private_key"
          ]
        },
        {
          "index_key": 1,
          "schema_version": 1,
          "attributes": {
            "ami": "ami-00874d747dde814fa",
            "arn": "arn:aws:ec2:us-east-1:374104755586:instance/i-05362b263cdbe2101",
            "associate_public_ip_address": false,
            "availability_zone": "us-east-1f",
            "capacity_reservation_specification": [
              {
                "capacity_reservation_preference": "open",
                "capacity_reservation_target": []
              }
            ],
            "cpu_core_count": 1,
            "cpu_threads_per_core": 1,
            "credit_specification": [
              {
                "cpu_credits": "standard"
              }
            ],
            "disable_api_stop": false,
            "disable_api_termination": false,
            "ebs_block_device": [],
            "ebs_optimized": false,
            "enclave_options": [
              {
                "enabled": false
              }
            ],
            "ephemeral_block_device": [],
            "get_password_data": false,
            "hibernation": false,
            "host_id": "",
            "host_resource_group_arn": null,
            "iam_instance_profile": "",
            "id": "i-05362b263cdbe2101",
            "instance_initiated_shutdown_behavior": "stop",
            "instance_state": "running",
            "instance_type": "t2.micro",
            "ipv6_address_count": 0,
            "ipv6_addresses": [],
            "key_name": "terrakey",
            "launch_template": [],
            "maintenance_options": [
              {
                "auto_recovery": "default"
              }
            ],
            "metadata_options": [
              {
                "http_endpoint": "enabled",
                "http_put_response_hop_limit": 1,
                "http_tokens": "optional",
                "instance_metadata_tags": "disabled"
              }
            ],
            "monitoring": false,
            "network_interface": [],
            "outpost_arn": "",
            "password_data": "",
            "placement_group": "",
            "placement_partition_number": 0,
            "primary_network_interface_id": "eni-04b1289ea0ed7ed2e",
            "private_dns": "ip-172-31-96-168.ec2.internal",
            "private_dns_name_options": [
              {
                "enable_resource_name_dns_a_record": false,
                "enable_resource_name_dns_aaaa_record": false,
                "hostname_type": "ip-name"
              }
            ],
            "private_ip": "172.31.96.168",
            "public_dns": "",
            "public_ip": "",
            "root_block_device": [
              {
                "delete_on_termination": true,
                "device_name": "/dev/sda1",
                "encrypted": false,
                "iops": 100,
                "kms_key_id": "",
                "tags": {},
                "throughput": 0,
                "volume_id": "vol-0ce4a868a148fc7a8",
                "volume_size": 8,
                "volume_type": "gp2"
              }
            ],
            "secondary_private_ips": [],
            "security_groups": [
              "sg-07f57565463f08162"
            ],
            "source_dest_check": true,
            "subnet_id": "subnet-0c4bef12e5b869338",
            "tags": {
              "Name": "altschool_project-1",
              "Os": "ubuntu"
            },
            "tags_all": {
              "Name": "altschool_project-1",
              "Os": "ubuntu"
            },
            "tenancy": "default",
            "timeouts": null,
            "user_data": null,
            "user_data_base64": null,
            "user_data_replace_on_change": false,
            "volume_tags": null,
            "vpc_security_group_ids": [
              "sg-07f57565463f08162"
            ]
          },
          "sensitive_attributes": [],
          "private": "eyJlMmJmYjczMC1lY2FhLTExZTYtOGY4OC0zNDM2M2JjN2M0YzAiOnsiY3JlYXRlIjo2MDAwMDAwMDAwMDAsImRlbGV0ZSI6MTIwMDAwMDAwMDAwMCwidXBkYXRlIjo2MDAwMDAwMDAwMDB9LCJzY2hlbWFfdmVyc2lvbiI6IjEifQ==",
          "dependencies": [
            "aws_key_pair.terra_generated_key",
            "aws_security_group.terra_sec",
            "aws_subnet.subnet",
            "tls_private_key.terra_private_key"
          ]
        },
        {
          "index_key": 2,
          "schema_version": 1,
          "attributes": {
            "ami": "ami-00874d747dde814fa",
            "arn": "arn:aws:ec2:us-east-1:374104755586:instance/i-0e6ff2bc01318d242",
            "associate_public_ip_address": false,
            "availability_zone": "us-east-1f",
            "capacity_reservation_specification": [
              {
                "capacity_reservation_preference": "open",
                "capacity_reservation_target": []
              }
            ],
            "cpu_core_count": 1,
            "cpu_threads_per_core": 1,
            "credit_specification": [
              {
                "cpu_credits": "standard"
              }
            ],
            "disable_api_stop": false,
            "disable_api_termination": false,
            "ebs_block_device": [],
            "ebs_optimized": false,
            "enclave_options": [
              {
                "enabled": false
              }
            ],
            "ephemeral_block_device": [],
            "get_password_data": false,
            "hibernation": false,
            "host_id": "",
            "host_resource_group_arn": null,
            "iam_instance_profile": "",
            "id": "i-0e6ff2bc01318d242",
            "instance_initiated_shutdown_behavior": "stop",
            "instance_state": "running",
            "instance_type": "t2.micro",
            "ipv6_address_count": 0,
            "ipv6_addresses": [],
            "key_name": "terrakey",
            "launch_template": [],
            "maintenance_options": [
              {
                "auto_recovery": "default"
              }
            ],
            "metadata_options": [
              {
                "http_endpoint": "enabled",
                "http_put_response_hop_limit": 1,
                "http_tokens": "optional",
                "instance_metadata_tags": "disabled"
              }
            ],
            "monitoring": false,
            "network_interface": [],
            "outpost_arn": "",
            "password_data": "",
            "placement_group": "",
            "placement_partition_number": 0,
            "primary_network_interface_id": "eni-0bdd262f33504451e",
            "private_dns": "ip-172-31-249-168.ec2.internal",
            "private_dns_name_options": [
              {
                "enable_resource_name_dns_a_record": false,
                "enable_resource_name_dns_aaaa_record": false,
                "hostname_type": "ip-name"
              }
            ],
            "private_ip": "172.31.249.168",
            "public_dns": "",
            "public_ip": "",
            "root_block_device": [
              {
                "delete_on_termination": true,
                "device_name": "/dev/sda1",
                "encrypted": false,
                "iops": 100,
                "kms_key_id": "",
                "tags": {},
                "throughput": 0,
                "volume_id": "vol-0d0e16571dd718ba3",
                "volume_size": 8,
                "volume_type": "gp2"
              }
            ],
            "secondary_private_ips": [],
            "security_groups": [
              "sg-07f57565463f08162"
            ],
            "source_dest_check": true,
            "subnet_id": "subnet-0c4bef12e5b869338",
            "tags": {
              "Name": "altschool_project-2",
              "Os": "ubuntu"
            },
            "tags_all": {
              "Name": "altschool_project-2",
              "Os": "ubuntu"
            },
            "tenancy": "default",
            "timeouts": null,
            "user_data": null,
            "user_data_base64": null,
            "user_data_replace_on_change": false,
            "volume_tags": null,
            "vpc_security_group_ids": [
              "sg-07f57565463f08162"
            ]
          },
          "sensitive_attributes": [],
          "private": "eyJlMmJmYjczMC1lY2FhLTExZTYtOGY4OC0zNDM2M2JjN2M0YzAiOnsiY3JlYXRlIjo2MDAwMDAwMDAwMDAsImRlbGV0ZSI6MTIwMDAwMDAwMDAwMCwidXBkYXRlIjo2MDAwMDAwMDAwMDB9LCJzY2hlbWFfdmVyc2lvbiI6IjEifQ==",
          "dependencies": [
            "aws_key_pair.terra_generated_key",
            "aws_security_group.terra_sec",
            "aws_subnet.subnet",
            "tls_private_key.terra_private_key"
          ]
        }
      ]
    },
    {
      "mode": "managed",
      "type": "aws_key_pair",
      "name": "terra_generated_key",
      "provider": "provider[\"registry.terraform.io/hashicorp/aws\"]",
      "instances": [
        {
          "schema_version": 1,
          "attributes": {
            "arn": "arn:aws:ec2:us-east-1:374104755586:key-pair/terrakey",
            "fingerprint": "9e:c7:56:c8:00:16:81:93:a9:82:77:e3:c6:28:53:a6",
            "id": "terrakey",
            "key_name": "terrakey",
            "key_name_prefix": "",
            "key_pair_id": "key-05de1d9172d4bb71f",
            "key_type": "rsa",
            "public_key": "ssh-rsa AAAAB3NzaC1yc2EAAAADAQABAAACAQDJ7yH3aRt4T8DeOGI3wdsDa+qyaf4gw7H9al+N7RKVntAOUvVmyUte9J8HO26ziyv3ZlaD3/1ZVZd26NzePJ669qTCCYkH+exhJKaWpSfDs/CHoejj8M0U1GA/wjLdV9h+NPFiErPXdDLGcadZrkN51yA+5XyubtcPZxvXhubpcUywzD7DZCwkvBESOadxBa9kkArJjgGlI1A0yjiFSdGjz/CMKVeaDKt4dELRc3GrXDdSB7xSBWa2EI4eG2DDfwM+/a88wtCg5Xthdw7f+jqnPeew/aQRi7Cwo5Dws3OG26Xxp8EVO1imq4qOdXth/DFbVXeHFH+IpTxWKpzlgUi92DT3R4cDWjhm5DYwQ4MioVk5ItrQcVY4b/GOfXatsk+C1ewTiNUJxJHHiCnhtOJzbSMV5eoa/X3Fx1dDJ7bBkd3TgQTxIrPPBj3NBk6eX0LCKlEqbyYr3UQvSFo++q0U96fHfHMlOFiAzK8/cpWhoriw6WMxRoRm+DN055l8ONZN9TnPs3rjKvY1owDRtQk/9eJ1l8WdImCrBkIcfdUbko+F7Gn8rb70U5TKftC5FaU94MZvi52cQ3efxX8Z1XaUu2XAOSjbKwioTfcCOsKgqt6C7mOw86h+1c+4QIPmpJ6/XWdOs7bUOocjaTyiuF1Brwy0XMwDrbw+oNT5XKnBMQ==",
            "tags": null,
            "tags_all": {}
          },
          "sensitive_attributes": [],
          "private": "eyJzY2hlbWFfdmVyc2lvbiI6IjEifQ==",
          "dependencies": [
            "tls_private_key.terra_private_key"
          ]
        }
      ]
    },
    {
      "mode": "managed",
      "type": "aws_security_group",
      "name": "terra_sec",
      "provider": "provider[\"registry.terraform.io/hashicorp/aws\"]",
      "instances": [
        {
          "schema_version": 1,
          "attributes": {
            "arn": "arn:aws:ec2:us-east-1:374104755586:security-group/sg-07f57565463f08162",
            "description": "Allow HTTP and SSH traffic via Terraform",
            "egress": [
              {
                "cidr_blocks": [
                  "0.0.0.0/0"
                ],
                "description": "",
                "from_port": 0,
                "ipv6_cidr_blocks": [],
                "prefix_list_ids": [],
                "protocol": "-1",
                "security_groups": [],
                "self": false,
                "to_port": 0
              }
            ],
            "id": "sg-07f57565463f08162",
            "ingress": [
              {
                "cidr_blocks": [
                  "0.0.0.0/0"
                ],
                "description": "",
                "from_port": 22,
                "ipv6_cidr_blocks": [],
                "prefix_list_ids": [],
                "protocol": "tcp",
                "security_groups": [],
                "self": false,
                "to_port": 22
              },
              {
                "cidr_blocks": [
                  "0.0.0.0/0"
                ],
                "description": "",
                "from_port": 80,
                "ipv6_cidr_blocks": [],
                "prefix_list_ids": [],
                "protocol": "tcp",
                "security_groups": [],
                "self": false,
                "to_port": 80
              }
            ],
            "name": "terra_sec_group",
            "name_prefix": "",
            "owner_id": "374104755586",
            "revoke_rules_on_delete": false,
            "tags": null,
            "tags_all": {},
            "timeouts": null,
            "vpc_id": "vpc-0884586ec29d0d8b3"
          },
          "sensitive_attributes": [],
          "private": "eyJlMmJmYjczMC1lY2FhLTExZTYtOGY4OC0zNDM2M2JjN2M0YzAiOnsiY3JlYXRlIjo2MDAwMDAwMDAwMDAsImRlbGV0ZSI6OTAwMDAwMDAwMDAwfSwic2NoZW1hX3ZlcnNpb24iOiIxIn0="
        }
      ]
    },
    {
      "mode": "managed",
      "type": "aws_subnet",
      "name": "subnet",
      "provider": "provider[\"registry.terraform.io/hashicorp/aws\"]",
      "instances": [
        {
          "schema_version": 1,
          "attributes": {
            "arn": "arn:aws:ec2:us-east-1:374104755586:subnet/subnet-0c4bef12e5b869338",
            "assign_ipv6_address_on_creation": false,
            "availability_zone": "us-east-1f",
            "availability_zone_id": "use1-az5",
            "cidr_block": "172.31.0.0/16",
            "customer_owned_ipv4_pool": "",
            "enable_dns64": false,
            "enable_resource_name_dns_a_record_on_launch": false,
            "enable_resource_name_dns_aaaa_record_on_launch": false,
            "id": "subnet-0c4bef12e5b869338",
            "ipv6_cidr_block": "",
            "ipv6_cidr_block_association_id": "",
            "ipv6_native": false,
            "map_customer_owned_ip_on_launch": false,
            "map_public_ip_on_launch": false,
            "outpost_arn": "",
            "owner_id": "374104755586",
            "private_dns_hostname_type_on_launch": "ip-name",
            "tags": null,
            "tags_all": {},
            "timeouts": null,
            "vpc_id": "vpc-0884586ec29d0d8b3"
          },
          "sensitive_attributes": [],
          "private": "eyJlMmJmYjczMC1lY2FhLTExZTYtOGY4OC0zNDM2M2JjN2M0YzAiOnsiY3JlYXRlIjo2MDAwMDAwMDAwMDAsImRlbGV0ZSI6MTIwMDAwMDAwMDAwMH0sInNjaGVtYV92ZXJzaW9uIjoiMSJ9"
        }
      ]
    },
    {
      "mode": "managed",
      "type": "tls_private_key",
      "name": "terra_private_key",
      "provider": "provider[\"registry.terraform.io/hashicorp/tls\"]",
      "instances": [
        {
          "schema_version": 1,
          "attributes": {
            "algorithm": "RSA",
            "ecdsa_curve": "P224",
            "id": "abd20903bdf164c3da2e509c1b6a5edcb1a34984",
            "private_key_openssh": "-----BEGIN OPENSSH PRIVATE KEY-----\nb3BlbnNzaC1rZXktdjEAAAAABG5vbmUAAAAEbm9uZQAAAAAAAAABAAACFwAAAAdz\nc2gtcnNhAAAAAwEAAQAAAgEAye8h92kbeE/A3jhiN8HbA2vqsmn+IMOx/Wpfje0S\nlZ7QDlL1ZslLXvSfBztus4sr92ZWg9/9WVWXdujc3jyeuvakwgmJB/nsYSSmlqUn\nw7Pwh6Ho4/DNFNRgP8Iy3VfYfjTxYhKz13QyxnGnWa5DedcgPuV8rm7XD2cb14bm\n6XFMsMw+w2QsJLwREjmncQWvZJAKyY4BpSNQNMo4hUnRo8/wjClXmgyreHRC0XNx\nq1w3Uge8UgVmthCOHhtgw38DPv2vPMLQoOV7YXcO3/o6pz3nsP2kEYuwsKOQ8LNz\nhtul8afBFTtYpquKjnV7YfwxW1V3hxR/iKU8Viqc5YFIvdg090eHA1o4ZuQ2MEOD\nIqFZOSLa0HFWOG/xjn12rbJPgtXsE4jVCcSRx4gp4bTic20jFeXqGv19xcdXQye2\nwZHd04EE8SKzzwY9zQZOnl9CwipRKm8mK91EL0haPvqtFPenx3xzJThYgMyvP3KV\noaK4sOljMUaEZvgzdOeZfDjWTfU5z7N64yr2NaMA0bUJP/XidZfFnSJgqwZCHH3V\nG5KPhexp/K2+9FOUyn7QuRWlPeDGb4udnEN3n8V/GdV2lLtlwDko2ysIqE33AjrC\noKregu5jsPOoftXPuECD5qSev11nTrO21DqHI2k8orhdQa8MtFzMA628PqDU+Vyp\nwTEAAAc4xKp0tMSqdLQAAAAHc3NoLXJzYQAAAgEAye8h92kbeE/A3jhiN8HbA2vq\nsmn+IMOx/Wpfje0SlZ7QDlL1ZslLXvSfBztus4sr92ZWg9/9WVWXdujc3jyeuvak\nwgmJB/nsYSSmlqUnw7Pwh6Ho4/DNFNRgP8Iy3VfYfjTxYhKz13QyxnGnWa5Dedcg\nPuV8rm7XD2cb14bm6XFMsMw+w2QsJLwREjmncQWvZJAKyY4BpSNQNMo4hUnRo8/w\njClXmgyreHRC0XNxq1w3Uge8UgVmthCOHhtgw38DPv2vPMLQoOV7YXcO3/o6pz3n\nsP2kEYuwsKOQ8LNzhtul8afBFTtYpquKjnV7YfwxW1V3hxR/iKU8Viqc5YFIvdg0\n90eHA1o4ZuQ2MEODIqFZOSLa0HFWOG/xjn12rbJPgtXsE4jVCcSRx4gp4bTic20j\nFeXqGv19xcdXQye2wZHd04EE8SKzzwY9zQZOnl9CwipRKm8mK91EL0haPvqtFPen\nx3xzJThYgMyvP3KVoaK4sOljMUaEZvgzdOeZfDjWTfU5z7N64yr2NaMA0bUJP/Xi\ndZfFnSJgqwZCHH3VG5KPhexp/K2+9FOUyn7QuRWlPeDGb4udnEN3n8V/GdV2lLtl\nwDko2ysIqE33AjrCoKregu5jsPOoftXPuECD5qSev11nTrO21DqHI2k8orhdQa8M\ntFzMA628PqDU+VypwTEAAAADAQABAAACADtAfbj5EGRnEnKiHL+7lCYW3lDnpPe8\nNFflhJBChfd9GBN76CH24rTEFn2qxLrOFWKMlsovSUmTQdRUU6qqIvE9Oe7tmVXL\n0b5XYMJHR7m27Nb/fTSVDbgU8QEEXKRyCEZQBpv+XOLVZ6iu5Kn95jK0GvQZplIQ\nl+4fFR5SqSLKafRemfP/SqykumWcoTMatfJOCbxGfNkV2Y0D4T3LAUaN10lpQBkl\nqpK3mnuW4j2j21+ogWuXxiGaDflrkyMJ+8vZ6Ddt+oWbkG5y3tx9sgQst/VJF4FG\nedv6wqa+ISHrBXA5BwDR3xtYrllKw59mvpzMITxzmVBhG6k068C0BMGaZRpEncs9\nHutlt8tjE8bzQKKz+NJyRNYPrcrCflXyr09pyYaHOQYfwsml3YEn7G2Z0c/GcI9r\nOp+I4u5KZ50P6fksnK816nj+bZu2In+ajtpkLmABXZho0topeWmATxxnJrsJ52iq\n4VVptB9R7w906GLD6PsgJhwirVxQ0o0dDDtsA5jG1nxBOZiWC6QyfPVhKQQqgy3e\n62BJciZzZLUnYH6UzsDVyJAlPjzW1lRYfNGuWs3i0laLofifCJ0wPP8NGiKH0Ojf\nKkyzFmviVVXok+V44qi7JvXjDYYo7AzHrKW2tZMRhORmlTbHp9+NR3+D9ozwQxZ3\n0pfNGfYxRveBAAABAEky6AIgMcIEmnRmKRiDVIC2U3hVQUkT6p6cK13QykEEML1x\naNUTIeUBABxTZw5b7zhFzdtUOjbk+eNEb730wbRoNDDgEXUSQm7/dkWcShYZbk2J\npi8S3EifJf84gIuU4EQaXIvJTbMg0oyECf9WgP4WYyaI5vntdsJGE/2gJxNOChx3\nCay3AMGa7c1VEyyWKtVzTE5pzjPnZXMH6/DgE0ov07/BrAkJQYrXAXRY01HDJx+K\n8QtodDi+RCrJ3lEsLjZpBw3DMWjCdtZg1wnq/DhZFd7iNt9VtbEkT2MIuUf62pFp\n4LeYEmT52XlhF1UlpiURtNls6M4xH9EIO0gK3yEAAAEBAODo8fXYehMfSfsDJZRD\n/fi8AsSwoW6ypGg24Y/FveDxmL3+A6UGATIafP8j7xQZoklIGlGUlFaGeti80cDB\n16JTy0L0l/TH2OV76hrHhoWd+lvNcRC6twZQieGObx6Rf+C/2kVJBFVTqzjVLMr5\n3tD9uS+EQ7oKxhQrzXbKY4YjXBrjJsdtkVH34OPFOc0D/HlvFRFStzeL/ckinhFE\n7TKYszmtXQC28I4gricxd8G+uQ2oB/CR8Hg7GGC4dzDQ2eTmj+03YLOV+1B5m//c\nJpq5Kimg1S2W98OfZxP1qB3SgigL/Mz4s8F4oRtiwtLcN+ckrUAS5NN46brRfiEJ\npbkAAAEBAOXZH/Kn9jce9qs6G/qvxFDBxOkMJR4tyNjzby5gH7PnHLFwA8rJgREV\nKLZ09e/rb5UgUd4wA13n/++OO6eu+hOn1njvCvJrPmcsMsx0FhsAi2FytUx0AYwr\n+LvQzfJODdSl0GYSbK87rZKo752KAp0DyqVYpNjmM6M7L910Tky1A+bCRJEBDsGe\nYHeAeB1BW6/OH85RjvViYsi9Mgr3iEldOT2YaxxipbvxfK8fhN1ZpLS03BhktrXn\nI5Aa5pQ3njbxkyf68p/gNoseyZyEpzGW7bm1w5nEuiNDZCAKAGMni2owuQhDoEDo\n18/utLjQLxb7X0iZ04t3H1U6yoGAMzkAAAAAAQID\n-----END OPENSSH PRIVATE KEY-----\n",
            "private_key_pem": "-----BEGIN RSA PRIVATE KEY-----\nMIIJKAIBAAKCAgEAye8h92kbeE/A3jhiN8HbA2vqsmn+IMOx/Wpfje0SlZ7QDlL1\nZslLXvSfBztus4sr92ZWg9/9WVWXdujc3jyeuvakwgmJB/nsYSSmlqUnw7Pwh6Ho\n4/DNFNRgP8Iy3VfYfjTxYhKz13QyxnGnWa5DedcgPuV8rm7XD2cb14bm6XFMsMw+\nw2QsJLwREjmncQWvZJAKyY4BpSNQNMo4hUnRo8/wjClXmgyreHRC0XNxq1w3Uge8\nUgVmthCOHhtgw38DPv2vPMLQoOV7YXcO3/o6pz3nsP2kEYuwsKOQ8LNzhtul8afB\nFTtYpquKjnV7YfwxW1V3hxR/iKU8Viqc5YFIvdg090eHA1o4ZuQ2MEODIqFZOSLa\n0HFWOG/xjn12rbJPgtXsE4jVCcSRx4gp4bTic20jFeXqGv19xcdXQye2wZHd04EE\n8SKzzwY9zQZOnl9CwipRKm8mK91EL0haPvqtFPenx3xzJThYgMyvP3KVoaK4sOlj\nMUaEZvgzdOeZfDjWTfU5z7N64yr2NaMA0bUJP/XidZfFnSJgqwZCHH3VG5KPhexp\n/K2+9FOUyn7QuRWlPeDGb4udnEN3n8V/GdV2lLtlwDko2ysIqE33AjrCoKregu5j\nsPOoftXPuECD5qSev11nTrO21DqHI2k8orhdQa8MtFzMA628PqDU+VypwTECAwEA\nAQKCAgA7QH24+RBkZxJyohy/u5QmFt5Q56T3vDRX5YSQQoX3fRgTe+gh9uK0xBZ9\nqsS6zhVijJbKL0lJk0HUVFOqqiLxPTnu7ZlVy9G+V2DCR0e5tuzW/300lQ24FPEB\nBFykcghGUAab/lzi1WeoruSp/eYytBr0GaZSEJfuHxUeUqkiymn0Xpnz/0qspLpl\nnKEzGrXyTgm8RnzZFdmNA+E9ywFGjddJaUAZJaqSt5p7luI9o9tfqIFrl8Yhmg35\na5MjCfvL2eg3bfqFm5Buct7cfbIELLf1SReBRnnb+sKmviEh6wVwOQcA0d8bWK5Z\nSsOfZr6czCE8c5lQYRupNOvAtATBmmUaRJ3LPR7rZbfLYxPG80Cis/jSckTWD63K\nwn5V8q9PacmGhzkGH8LJpd2BJ+xtmdHPxnCPazqfiOLuSmedD+n5LJyvNep4/m2b\ntiJ/mo7aZC5gAV2YaNLaKXlpgE8cZya7CedoquFVabQfUe8PdOhiw+j7ICYcIq1c\nUNKNHQw7bAOYxtZ8QTmYlgukMnz1YSkEKoMt3utgSXImc2S1J2B+lM7A1ciQJT48\n1tZUWHzRrlrN4tJWi6H4nwidMDz/DRoih9Do3ypMsxZr4lVV6JPleOKouyb14w2G\nKOwMx6yltrWTEYTkZpU2x6ffjUd/g/aM8EMWd9KXzRn2MUb3gQKCAQEA4Ojx9dh6\nEx9J+wMllEP9+LwCxLChbrKkaDbhj8W94PGYvf4DpQYBMhp8/yPvFBmiSUgaUZSU\nVoZ62LzRwMHXolPLQvSX9MfY5XvqGseGhZ36W81xELq3BlCJ4Y5vHpF/4L/aRUkE\nVVOrONUsyvne0P25L4RDugrGFCvNdspjhiNcGuMmx22RUffg48U5zQP8eW8VEVK3\nN4v9ySKeEUTtMpizOa1dALbwjiCuJzF3wb65DagH8JHweDsYYLh3MNDZ5OaP7Tdg\ns5X7UHmb/9wmmrkqKaDVLZb3w59nE/WoHdKCKAv8zPizwXihG2LC0tw35yStQBLk\n03jputF+IQmluQKCAQEA5dkf8qf2Nx72qzob+q/EUMHE6QwlHi3I2PNvLmAfs+cc\nsXADysmBERUotnT17+tvlSBR3jADXef/7447p676E6fWeO8K8ms+ZywyzHQWGwCL\nYXK1THQBjCv4u9DN8k4N1KXQZhJsrzutkqjvnYoCnQPKpVik2OYzozsv3XROTLUD\n5sJEkQEOwZ5gd4B4HUFbr84fzlGO9WJiyL0yCveISV05PZhrHGKlu/F8rx+E3Vmk\ntLTcGGS2tecjkBrmlDeeNvGTJ/ryn+A2ix7JnISnMZbtubXDmcS6I0NkIAoAYyeL\najC5CEOgQOjXz+60uNAvFvtfSJnTi3cfVTrKgYAzOQKCAQAiMOePs0Ajpg8OHNVa\nq9dxN8vH8P4poPjDawxxWeNazf+landNYBNQdZxpASJ4UMlOEKsHmenPGZSVXGca\nwZ0xbUGqRRrQuIztnh/hwFFgALstt5anr2rhh97eLlQQNphVJ3VcMRR6kESoWCf+\nF2xbIydC5P2Sy85/BIWwuGXW34tB/yRHDw4XgvJqTfJSi3eXUl7GimeWBy8mo5+a\nCntwxKwCaauIz0bUpH01Mhz9lCv3uoKyfM0syfcTxRdBkY5+cNqSeme2BWf2PPaN\nN/+aZ+nT+EJQMvIpiBMYgrDzD6x/wArHckuJbvg2/JWXjqjk97tq0TR+PZRytSRS\ni2/pAoIBAQDCMq03jIoPEG5BRZuWNyObR9xjOwuxb+WeyC9L85NVoRMxJ/9MOux9\nzm7Tmgahaz6ftOr224I8uWQYtwfYKZLJQKmJDA8nu0zCRym0bPCwZ8lb0Fs1+V3F\nXPGPXmBjNWeiH2bwluiVNcr1ex7Y8F4845M4GKlPSVCfvcY3SalOTjK5qbHdAhPB\nq1q+HSFfNnWNGI7u9yHeWf40tQWvFm1j7wwJ6tm05fQ501MRc4QCsVbkB1tekNl+\n34fAnbnryQI4UeuPgAu24O20pZKaV8obr/WzTsuxA/JxEONr3odtP2AfnIL5ZInl\nzdVprbmr3NmshT6ATNfbog4rKL0opXShAoIBAEky6AIgMcIEmnRmKRiDVIC2U3hV\nQUkT6p6cK13QykEEML1xaNUTIeUBABxTZw5b7zhFzdtUOjbk+eNEb730wbRoNDDg\nEXUSQm7/dkWcShYZbk2Jpi8S3EifJf84gIuU4EQaXIvJTbMg0oyECf9WgP4WYyaI\n5vntdsJGE/2gJxNOChx3Cay3AMGa7c1VEyyWKtVzTE5pzjPnZXMH6/DgE0ov07/B\nrAkJQYrXAXRY01HDJx+K8QtodDi+RCrJ3lEsLjZpBw3DMWjCdtZg1wnq/DhZFd7i\nNt9VtbEkT2MIuUf62pFp4LeYEmT52XlhF1UlpiURtNls6M4xH9EIO0gK3yE=\n-----END RSA PRIVATE KEY-----\n",
            "private_key_pem_pkcs8": "-----BEGIN PRIVATE KEY-----\nMIIJQgIBADANBgkqhkiG9w0BAQEFAASCCSwwggkoAgEAAoICAQDJ7yH3aRt4T8De\nOGI3wdsDa+qyaf4gw7H9al+N7RKVntAOUvVmyUte9J8HO26ziyv3ZlaD3/1ZVZd2\n6NzePJ669qTCCYkH+exhJKaWpSfDs/CHoejj8M0U1GA/wjLdV9h+NPFiErPXdDLG\ncadZrkN51yA+5XyubtcPZxvXhubpcUywzD7DZCwkvBESOadxBa9kkArJjgGlI1A0\nyjiFSdGjz/CMKVeaDKt4dELRc3GrXDdSB7xSBWa2EI4eG2DDfwM+/a88wtCg5Xth\ndw7f+jqnPeew/aQRi7Cwo5Dws3OG26Xxp8EVO1imq4qOdXth/DFbVXeHFH+IpTxW\nKpzlgUi92DT3R4cDWjhm5DYwQ4MioVk5ItrQcVY4b/GOfXatsk+C1ewTiNUJxJHH\niCnhtOJzbSMV5eoa/X3Fx1dDJ7bBkd3TgQTxIrPPBj3NBk6eX0LCKlEqbyYr3UQv\nSFo++q0U96fHfHMlOFiAzK8/cpWhoriw6WMxRoRm+DN055l8ONZN9TnPs3rjKvY1\nowDRtQk/9eJ1l8WdImCrBkIcfdUbko+F7Gn8rb70U5TKftC5FaU94MZvi52cQ3ef\nxX8Z1XaUu2XAOSjbKwioTfcCOsKgqt6C7mOw86h+1c+4QIPmpJ6/XWdOs7bUOocj\naTyiuF1Brwy0XMwDrbw+oNT5XKnBMQIDAQABAoICADtAfbj5EGRnEnKiHL+7lCYW\n3lDnpPe8NFflhJBChfd9GBN76CH24rTEFn2qxLrOFWKMlsovSUmTQdRUU6qqIvE9\nOe7tmVXL0b5XYMJHR7m27Nb/fTSVDbgU8QEEXKRyCEZQBpv+XOLVZ6iu5Kn95jK0\nGvQZplIQl+4fFR5SqSLKafRemfP/SqykumWcoTMatfJOCbxGfNkV2Y0D4T3LAUaN\n10lpQBklqpK3mnuW4j2j21+ogWuXxiGaDflrkyMJ+8vZ6Ddt+oWbkG5y3tx9sgQs\nt/VJF4FGedv6wqa+ISHrBXA5BwDR3xtYrllKw59mvpzMITxzmVBhG6k068C0BMGa\nZRpEncs9Hutlt8tjE8bzQKKz+NJyRNYPrcrCflXyr09pyYaHOQYfwsml3YEn7G2Z\n0c/GcI9rOp+I4u5KZ50P6fksnK816nj+bZu2In+ajtpkLmABXZho0topeWmATxxn\nJrsJ52iq4VVptB9R7w906GLD6PsgJhwirVxQ0o0dDDtsA5jG1nxBOZiWC6QyfPVh\nKQQqgy3e62BJciZzZLUnYH6UzsDVyJAlPjzW1lRYfNGuWs3i0laLofifCJ0wPP8N\nGiKH0OjfKkyzFmviVVXok+V44qi7JvXjDYYo7AzHrKW2tZMRhORmlTbHp9+NR3+D\n9ozwQxZ30pfNGfYxRveBAoIBAQDg6PH12HoTH0n7AyWUQ/34vALEsKFusqRoNuGP\nxb3g8Zi9/gOlBgEyGnz/I+8UGaJJSBpRlJRWhnrYvNHAwdeiU8tC9Jf0x9jle+oa\nx4aFnfpbzXEQurcGUInhjm8ekX/gv9pFSQRVU6s41SzK+d7Q/bkvhEO6CsYUK812\nymOGI1wa4ybHbZFR9+DjxTnNA/x5bxURUrc3i/3JIp4RRO0ymLM5rV0AtvCOIK4n\nMXfBvrkNqAfwkfB4OxhguHcw0Nnk5o/tN2CzlftQeZv/3CaauSopoNUtlvfDn2cT\n9agd0oIoC/zM+LPBeKEbYsLS3DfnJK1AEuTTeOm60X4hCaW5AoIBAQDl2R/yp/Y3\nHvarOhv6r8RQwcTpDCUeLcjY828uYB+z5xyxcAPKyYERFSi2dPXv62+VIFHeMANd\n5//vjjunrvoTp9Z47wryaz5nLDLMdBYbAIthcrVMdAGMK/i70M3yTg3UpdBmEmyv\nO62SqO+digKdA8qlWKTY5jOjOy/ddE5MtQPmwkSRAQ7BnmB3gHgdQVuvzh/OUY71\nYmLIvTIK94hJXTk9mGscYqW78XyvH4TdWaS0tNwYZLa15yOQGuaUN5428ZMn+vKf\n4DaLHsmchKcxlu25tcOZxLojQ2QgCgBjJ4tqMLkIQ6BA6NfP7rS40C8W+19ImdOL\ndx9VOsqBgDM5AoIBACIw54+zQCOmDw4c1Vqr13E3y8fw/img+MNrDHFZ41rN/6Vq\nd01gE1B1nGkBInhQyU4QqweZ6c8ZlJVcZxrBnTFtQapFGtC4jO2eH+HAUWAAuy23\nlqevauGH3t4uVBA2mFUndVwxFHqQRKhYJ/4XbFsjJ0Lk/ZLLzn8EhbC4Zdbfi0H/\nJEcPDheC8mpN8lKLd5dSXsaKZ5YHLyajn5oKe3DErAJpq4jPRtSkfTUyHP2UK/e6\ngrJ8zSzJ9xPFF0GRjn5w2pJ6Z7YFZ/Y89o03/5pn6dP4QlAy8imIExiCsPMPrH/A\nCsdyS4lu+Db8lZeOqOT3u2rRNH49lHK1JFKLb+kCggEBAMIyrTeMig8QbkFFm5Y3\nI5tH3GM7C7Fv5Z7IL0vzk1WhEzEn/0w67H3ObtOaBqFrPp+06vbbgjy5ZBi3B9gp\nkslAqYkMDye7TMJHKbRs8LBnyVvQWzX5XcVc8Y9eYGM1Z6IfZvCW6JU1yvV7Htjw\nXjzjkzgYqU9JUJ+9xjdJqU5OMrmpsd0CE8GrWr4dIV82dY0Yju73Id5Z/jS1Ba8W\nbWPvDAnq2bTl9DnTUxFzhAKxVuQHW16Q2X7fh8CduevJAjhR64+AC7bg7bSlkppX\nyhuv9bNOy7ED8nEQ42veh20/YB+cgvlkieXN1Wmtuavc2ayFPoBM19uiDisovSil\ndKECggEASTLoAiAxwgSadGYpGINUgLZTeFVBSRPqnpwrXdDKQQQwvXFo1RMh5QEA\nHFNnDlvvOEXN21Q6NuT540RvvfTBtGg0MOARdRJCbv92RZxKFhluTYmmLxLcSJ8l\n/ziAi5TgRBpci8lNsyDSjIQJ/1aA/hZjJojm+e12wkYT/aAnE04KHHcJrLcAwZrt\nzVUTLJYq1XNMTmnOM+dlcwfr8OATSi/Tv8GsCQlBitcBdFjTUcMnH4rxC2h0OL5E\nKsneUSwuNmkHDcMxaMJ21mDXCer8OFkV3uI231W1sSRPYwi5R/rakWngt5gSZPnZ\neWEXVSWmJRG02WzozjEf0Qg7SArfIQ==\n-----END PRIVATE KEY-----\n",
            "public_key_fingerprint_md5": "39:3b:08:7c:f1:1b:25:5c:61:a2:11:2c:fd:9c:c1:1d",
            "public_key_fingerprint_sha256": "SHA256:8Vr/3skKL6nypxxIEiQyK1/Bxiyt/I93m3wbAPejveY",
            "public_key_openssh": "ssh-rsa AAAAB3NzaC1yc2EAAAADAQABAAACAQDJ7yH3aRt4T8DeOGI3wdsDa+qyaf4gw7H9al+N7RKVntAOUvVmyUte9J8HO26ziyv3ZlaD3/1ZVZd26NzePJ669qTCCYkH+exhJKaWpSfDs/CHoejj8M0U1GA/wjLdV9h+NPFiErPXdDLGcadZrkN51yA+5XyubtcPZxvXhubpcUywzD7DZCwkvBESOadxBa9kkArJjgGlI1A0yjiFSdGjz/CMKVeaDKt4dELRc3GrXDdSB7xSBWa2EI4eG2DDfwM+/a88wtCg5Xthdw7f+jqnPeew/aQRi7Cwo5Dws3OG26Xxp8EVO1imq4qOdXth/DFbVXeHFH+IpTxWKpzlgUi92DT3R4cDWjhm5DYwQ4MioVk5ItrQcVY4b/GOfXatsk+C1ewTiNUJxJHHiCnhtOJzbSMV5eoa/X3Fx1dDJ7bBkd3TgQTxIrPPBj3NBk6eX0LCKlEqbyYr3UQvSFo++q0U96fHfHMlOFiAzK8/cpWhoriw6WMxRoRm+DN055l8ONZN9TnPs3rjKvY1owDRtQk/9eJ1l8WdImCrBkIcfdUbko+F7Gn8rb70U5TKftC5FaU94MZvi52cQ3efxX8Z1XaUu2XAOSjbKwioTfcCOsKgqt6C7mOw86h+1c+4QIPmpJ6/XWdOs7bUOocjaTyiuF1Brwy0XMwDrbw+oNT5XKnBMQ==\n",
            "public_key_pem": "-----BEGIN PUBLIC KEY-----\nMIICIjANBgkqhkiG9w0BAQEFAAOCAg8AMIICCgKCAgEAye8h92kbeE/A3jhiN8Hb\nA2vqsmn+IMOx/Wpfje0SlZ7QDlL1ZslLXvSfBztus4sr92ZWg9/9WVWXdujc3jye\nuvakwgmJB/nsYSSmlqUnw7Pwh6Ho4/DNFNRgP8Iy3VfYfjTxYhKz13QyxnGnWa5D\nedcgPuV8rm7XD2cb14bm6XFMsMw+w2QsJLwREjmncQWvZJAKyY4BpSNQNMo4hUnR\no8/wjClXmgyreHRC0XNxq1w3Uge8UgVmthCOHhtgw38DPv2vPMLQoOV7YXcO3/o6\npz3nsP2kEYuwsKOQ8LNzhtul8afBFTtYpquKjnV7YfwxW1V3hxR/iKU8Viqc5YFI\nvdg090eHA1o4ZuQ2MEODIqFZOSLa0HFWOG/xjn12rbJPgtXsE4jVCcSRx4gp4bTi\nc20jFeXqGv19xcdXQye2wZHd04EE8SKzzwY9zQZOnl9CwipRKm8mK91EL0haPvqt\nFPenx3xzJThYgMyvP3KVoaK4sOljMUaEZvgzdOeZfDjWTfU5z7N64yr2NaMA0bUJ\nP/XidZfFnSJgqwZCHH3VG5KPhexp/K2+9FOUyn7QuRWlPeDGb4udnEN3n8V/GdV2\nlLtlwDko2ysIqE33AjrCoKregu5jsPOoftXPuECD5qSev11nTrO21DqHI2k8orhd\nQa8MtFzMA628PqDU+VypwTECAwEAAQ==\n-----END PUBLIC KEY-----\n",
            "rsa_bits": 4096
          },
          "sensitive_attributes": []
        }
      ]
    }
  ],
  "check_results": null
}
